
Microsoft Visual Studio Solution File, Format Version 12.00
# Visual Studio Version 17
VisualStudioVersion = 17.1.32407.343
MinimumVisualStudioVersion = 10.0.40219.1
Project("{9A19103F-16F7-4668-BE54-9A1E7A4F7556}") = "PasswordValidatorControl", "PasswordValidatorControl.csproj", "{D210FB70-E920-4BE4-A152-8E05C2AB7DE2}"
EndProject
Project("{FAE04EC0-301F-11D3-BF4B-00C04F79EFBC}") = "TestPasswordValidator", "..\TestPasswordValidator\TestPasswordValidator.csproj", "{436EF276-9A85-4AB3-859C-E0B8B47F8EA0}"
EndProject
Global
	GlobalSection(SolutionConfigurationPlatforms) = preSolution
		Debug|Any CPU = Debug|Any CPU
		Release|Any CPU = Release|Any CPU
	EndGlobalSection
	GlobalSection(ProjectConfigurationPlatforms) = postSolution
		{D210FB70-E920-4BE4-A152-8E05C2AB7DE2}.Debug|Any CPU.ActiveCfg = Debug|Any CPU
		{D210FB70-E920-4BE4-A152-8E05C2AB7DE2}.Debug|Any CPU.Build.0 = Debug|Any CPU
		{D210FB70-E920-4BE4-A152-8E05C2AB7DE2}.Release|Any CPU.ActiveCfg = Release|Any CPU
		{D210FB70-E920-4BE4-A152-8E05C2AB7DE2}.Release|Any CPU.Build.0 = Release|Any CPU
		{436EF276-9A85-4AB3-859C-E0B8B47F8EA0}.Debug|Any CPU.ActiveCfg = Debug|Any CPU
		{436EF276-9A85-4AB3-859C-E0B8B47F8EA0}.Debug|Any CPU.Build.0 = Debug|Any CPU
		{436EF276-9A85-4AB3-859C-E0B8B47F8EA0}.Release|Any CPU.ActiveCfg = Release|Any CPU
		{436EF276-9A85-4AB3-859C-E0B8B47F8EA0}.Release|Any CPU.Build.0 = Release|Any CPU
	EndGlobalSection
	GlobalSection(SolutionProperties) = preSolution
		HideSolutionNode = FALSE
	EndGlobalSection
	GlobalSection(ExtensibilityGlobals) = postSolution
		SolutionGuid = {EE8D527E-10D5-48E4-A75E-88B1E29E75C6}
	EndGlobalSection
EndGlobal
