
Microsoft Visual Studio Solution File, Format Version 12.00
# Visual Studio Version 17
VisualStudioVersion = 17.1.32407.343
MinimumVisualStudioVersion = 10.0.40219.1
Project("{FAE04EC0-301F-11D3-BF4B-00C04F79EFBC}") = "ModelSystemRPG", "ModelSystemRPG.csproj", "{4781F5BA-E841-4B08-B257-BA63C39B16E4}"
EndProject
Global
	GlobalSection(SolutionConfigurationPlatforms) = preSolution
		Debug|Any CPU = Debug|Any CPU
		Release|Any CPU = Release|Any CPU
	EndGlobalSection
	GlobalSection(ProjectConfigurationPlatforms) = postSolution
		{4781F5BA-E841-4B08-B257-BA63C39B16E4}.Debug|Any CPU.ActiveCfg = Debug|Any CPU
		{4781F5BA-E841-4B08-B257-BA63C39B16E4}.Debug|Any CPU.Build.0 = Debug|Any CPU
		{4781F5BA-E841-4B08-B257-BA63C39B16E4}.Release|Any CPU.ActiveCfg = Release|Any CPU
		{4781F5BA-E841-4B08-B257-BA63C39B16E4}.Release|Any CPU.Build.0 = Release|Any CPU
	EndGlobalSection
	GlobalSection(SolutionProperties) = preSolution
		HideSolutionNode = FALSE
	EndGlobalSection
	GlobalSection(ExtensibilityGlobals) = postSolution
		SolutionGuid = {CDA205CB-75F4-4FA6-98A8-FCD298636586}
	EndGlobalSection
EndGlobal
