
Microsoft Visual Studio Solution File, Format Version 12.00
# Visual Studio Version 17
VisualStudioVersion = 17.1.32228.430
MinimumVisualStudioVersion = 10.0.40219.1
Project("{FAE04EC0-301F-11D3-BF4B-00C04F79EFBC}") = "PolynomialRoots", "PolynomialRoots\PolynomialRoots.csproj", "{22FD6CE3-28DA-4659-9036-206E83E3C8C2}"
EndProject
Global
	GlobalSection(SolutionConfigurationPlatforms) = preSolution
		Debug|Any CPU = Debug|Any CPU
		Release|Any CPU = Release|Any CPU
	EndGlobalSection
	GlobalSection(ProjectConfigurationPlatforms) = postSolution
		{22FD6CE3-28DA-4659-9036-206E83E3C8C2}.Debug|Any CPU.ActiveCfg = Debug|Any CPU
		{22FD6CE3-28DA-4659-9036-206E83E3C8C2}.Debug|Any CPU.Build.0 = Debug|Any CPU
		{22FD6CE3-28DA-4659-9036-206E83E3C8C2}.Release|Any CPU.ActiveCfg = Release|Any CPU
		{22FD6CE3-28DA-4659-9036-206E83E3C8C2}.Release|Any CPU.Build.0 = Release|Any CPU
	EndGlobalSection
	GlobalSection(SolutionProperties) = preSolution
		HideSolutionNode = FALSE
	EndGlobalSection
	GlobalSection(ExtensibilityGlobals) = postSolution
		SolutionGuid = {55C6946B-DA80-456A-B785-333F37996D4C}
	EndGlobalSection
EndGlobal
